PODS:
  - Ads-CN (4.3.0.3):
    - Ads-CN/BUAdSDK (= 4.3.0.3)
  - Ads-CN/BUAdSDK (4.3.0.3):
    - Ads-CN/BUFoundation
    - Ads-CN/Domestic
  - Ads-CN/BUFoundation (4.3.0.3):
    - BURelyFoundation (= 0.0.1.47)
  - Ads-CN/Domestic (4.3.0.3)
  - BURelyFoundation (0.0.1.47):
    - BURelyFoundation/HM (= 0.0.1.47)
    - BURelyFoundation/NETWork (= 0.0.1.47)
  - BURelyFoundation/HM (0.0.1.47)
  - BURelyFoundation/NETWork (0.0.1.47)
  - Flutter (1.0.0)
  - flutter_pangle_ad (0.0.1):
    - Ads-CN (= 4.3.0.3)
    - Flutter

DEPENDENCIES:
  - Flutter (from `Flutter`)
  - flutter_pangle_ad (from `.symlinks/plugins/flutter_pangle_ad/ios`)

SPEC REPOS:
  https://github.com/CocoaPods/Specs.git:
    - Ads-CN
    - BURelyFoundation

EXTERNAL SOURCES:
  Flutter:
    :path: Flutter
  flutter_pangle_ad:
    :path: ".symlinks/plugins/flutter_pangle_ad/ios"

SPEC CHECKSUMS:
  Ads-CN: f5871961bbe334135ecd62c4fde46bc80c36d4de
  BURelyFoundation: 5e7f811867d3ee91ed20e426c505e31c55674256
  Flutter: 50d75fe2f02b26cc09d224853bb45737f8b3214a
  flutter_pangle_ad: d02d205e1ecba9afff3b21a0699be260ef0d5fcf

PODFILE CHECKSUM: 9f278f41f53a6b8936e96102b81ebde263a55b24

COCOAPODS: 1.11.2
